
Microsoft Visual Studio Solution File, Format Version 12.00
# Visual Studio 15
VisualStudioVersion = 15.0.26510.0
MinimumVisualStudioVersion = 10.0.40219.1
Project("{FAE04EC0-301F-11D3-BF4B-00C04F79EFBC}") = "AzureChallengeNetwork.Website", "AzureChallengeNetwork.Website\AzureChallengeNetwork.Website.csproj", "{C2F2B1A3-DB40-45A5-B5F7-38359368481E}"
EndProject
Project("{FAE04EC0-301F-11D3-BF4B-00C04F79EFBC}") = "AzureChallengeNetwork.WebJob.ImageResizer", "AzureChallengeNetwork.WebJob.ImageResizer\AzureChallengeNetwork.WebJob.ImageResizer.csproj", "{EDBBF44E-2E1E-4ADE-A944-D7C2101BDC2A}"
EndProject
Project("{9A19103F-16F7-4668-BE54-9A1E7A4F7556}") = "AzureChallengeNetwork.Function.Vision", "AzureChallengeNetwork.Function.Vision\AzureChallengeNetwork.Function.Vision.csproj", "{322152BC-09EE-4938-AD60-A2140EC70C96}"
EndProject
Global
	GlobalSection(SolutionConfigurationPlatforms) = preSolution
		Debug|Any CPU = Debug|Any CPU
		Release|Any CPU = Release|Any CPU
	EndGlobalSection
	GlobalSection(ProjectConfigurationPlatforms) = postSolution
		{C2F2B1A3-DB40-45A5-B5F7-38359368481E}.Debug|Any CPU.ActiveCfg = Debug|Any CPU
		{C2F2B1A3-DB40-45A5-B5F7-38359368481E}.Debug|Any CPU.Build.0 = Debug|Any CPU
		{C2F2B1A3-DB40-45A5-B5F7-38359368481E}.Release|Any CPU.ActiveCfg = Release|Any CPU
		{C2F2B1A3-DB40-45A5-B5F7-38359368481E}.Release|Any CPU.Build.0 = Release|Any CPU
		{EDBBF44E-2E1E-4ADE-A944-D7C2101BDC2A}.Debug|Any CPU.ActiveCfg = Debug|Any CPU
		{EDBBF44E-2E1E-4ADE-A944-D7C2101BDC2A}.Debug|Any CPU.Build.0 = Debug|Any CPU
		{EDBBF44E-2E1E-4ADE-A944-D7C2101BDC2A}.Release|Any CPU.ActiveCfg = Release|Any CPU
		{EDBBF44E-2E1E-4ADE-A944-D7C2101BDC2A}.Release|Any CPU.Build.0 = Release|Any CPU
		{322152BC-09EE-4938-AD60-A2140EC70C96}.Debug|Any CPU.ActiveCfg = Debug|Any CPU
		{322152BC-09EE-4938-AD60-A2140EC70C96}.Debug|Any CPU.Build.0 = Debug|Any CPU
		{322152BC-09EE-4938-AD60-A2140EC70C96}.Release|Any CPU.ActiveCfg = Release|Any CPU
		{322152BC-09EE-4938-AD60-A2140EC70C96}.Release|Any CPU.Build.0 = Release|Any CPU
	EndGlobalSection
	GlobalSection(SolutionProperties) = preSolution
		HideSolutionNode = FALSE
	EndGlobalSection
EndGlobal
